
Microsoft Visual Studio Solution File, Format Version 12.00
# Visual Studio Version 16
VisualStudioVersion = 16.0.30002.166
MinimumVisualStudioVersion = 10.0.40219.1
Project("{FAE04EC0-301F-11D3-BF4B-00C04F79EFBC}") = "WpfDemo", "WpfDemo\WpfDemo.csproj", "{F7530436-8D11-45F8-9F58-2407513652C2}"
EndProject
Project("{FAE04EC0-301F-11D3-BF4B-00C04F79EFBC}") = "WpfMiniBlink", "WpfMiniBlink\WpfMiniBlink.csproj", "{20286A6C-2F02-4C14-A74D-9FA0564764FE}"
EndProject
Global
	GlobalSection(SolutionConfigurationPlatforms) = preSolution
		Debug|Any CPU = Debug|Any CPU
		Release|Any CPU = Release|Any CPU
	EndGlobalSection
	GlobalSection(ProjectConfigurationPlatforms) = postSolution
		{F7530436-8D11-45F8-9F58-2407513652C2}.Debug|Any CPU.ActiveCfg = Debug|Any CPU
		{F7530436-8D11-45F8-9F58-2407513652C2}.Debug|Any CPU.Build.0 = Debug|Any CPU
		{F7530436-8D11-45F8-9F58-2407513652C2}.Release|Any CPU.ActiveCfg = Release|Any CPU
		{F7530436-8D11-45F8-9F58-2407513652C2}.Release|Any CPU.Build.0 = Release|Any CPU
		{20286A6C-2F02-4C14-A74D-9FA0564764FE}.Debug|Any CPU.ActiveCfg = Debug|Any CPU
		{20286A6C-2F02-4C14-A74D-9FA0564764FE}.Debug|Any CPU.Build.0 = Debug|Any CPU
		{20286A6C-2F02-4C14-A74D-9FA0564764FE}.Release|Any CPU.ActiveCfg = Release|Any CPU
		{20286A6C-2F02-4C14-A74D-9FA0564764FE}.Release|Any CPU.Build.0 = Release|Any CPU
	EndGlobalSection
	GlobalSection(SolutionProperties) = preSolution
		HideSolutionNode = FALSE
	EndGlobalSection
	GlobalSection(ExtensibilityGlobals) = postSolution
		SolutionGuid = {4C9F276B-BDC4-43B0-979E-27DC92032465}
	EndGlobalSection
EndGlobal
